
Microsoft Visual Studio Solution File, Format Version 12.00
# Visual Studio Version 17
VisualStudioVersion = 17.6.33829.357
MinimumVisualStudioVersion = 10.0.40219.1
Project("{FAE04EC0-301F-11D3-BF4B-00C04F79EFBC}") = "CSharpTasks", "CSharpTasks.csproj", "{ED2E363B-8481-4CF2-AAF8-36C1F9177C7E}"
EndProject
Global
	GlobalSection(SolutionConfigurationPlatforms) = preSolution
		Debug|Any CPU = Debug|Any CPU
		Release|Any CPU = Release|Any CPU
	EndGlobalSection
	GlobalSection(ProjectConfigurationPlatforms) = postSolution
		{ED2E363B-8481-4CF2-AAF8-36C1F9177C7E}.Debug|Any CPU.ActiveCfg = Debug|Any CPU
		{ED2E363B-8481-4CF2-AAF8-36C1F9177C7E}.Debug|Any CPU.Build.0 = Debug|Any CPU
		{ED2E363B-8481-4CF2-AAF8-36C1F9177C7E}.Release|Any CPU.ActiveCfg = Release|Any CPU
		{ED2E363B-8481-4CF2-AAF8-36C1F9177C7E}.Release|Any CPU.Build.0 = Release|Any CPU
	EndGlobalSection
	GlobalSection(SolutionProperties) = preSolution
		HideSolutionNode = FALSE
	EndGlobalSection
	GlobalSection(ExtensibilityGlobals) = postSolution
		SolutionGuid = {4491DEF2-A2A0-4E85-884C-C5C11F34AFFD}
	EndGlobalSection
EndGlobal
